
Microsoft Visual Studio Solution File, Format Version 12.00
# Visual Studio 2013
VisualStudioVersion = 12.0.40629.0
MinimumVisualStudioVersion = 10.0.40219.1
Project("{FAE04EC0-301F-11D3-BF4B-00C04F79EFBC}") = "Cashier", "Cashier\Cashier.csproj", "{9649A2CE-94AF-495D-9E86-C82F04698708}"
EndProject
Global
	GlobalSection(SolutionConfigurationPlatforms) = preSolution
		Debug|Any CPU = Debug|Any CPU
		Release|Any CPU = Release|Any CPU
	EndGlobalSection
	GlobalSection(ProjectConfigurationPlatforms) = postSolution
		{9649A2CE-94AF-495D-9E86-C82F04698708}.Debug|Any CPU.ActiveCfg = Debug|Any CPU
		{9649A2CE-94AF-495D-9E86-C82F04698708}.Debug|Any CPU.Build.0 = Debug|Any CPU
		{9649A2CE-94AF-495D-9E86-C82F04698708}.Release|Any CPU.ActiveCfg = Release|Any CPU
		{9649A2CE-94AF-495D-9E86-C82F04698708}.Release|Any CPU.Build.0 = Release|Any CPU
	EndGlobalSection
	GlobalSection(SolutionProperties) = preSolution
		HideSolutionNode = FALSE
	EndGlobalSection
EndGlobal
